# This file is automatically @generated by Cargo.
# It is not intended for manual editing.
version = 4

[[package]]
name = "ra-base"
version = "0.1.0"
dependencies = [
 "ra-common",
]

[[package]]
name = "ra-bootstrap"
version = "0.1.0"
dependencies = [
 "ra-syss",
]

[[package]]
name = "ra-common"
version = "0.1.0"

[[package]]
name = "ra-gateway"
version = "0.1.0"

[[package]]
name = "ra-memory"
version = "0.1.0"
dependencies = [
 "ra-common",
]

[[package]]
name = "ra-memory-gateway"
version = "0.1.0"
dependencies = [
 "ra-common",
]

[[package]]
name = "ra-memory-gateway-adapter"
version = "0.1.0"
dependencies = [
 "ra-common",
 "ra-memory",
 "ra-memory-gateway",
]

[[package]]
name = "ra-persistence"
version = "0.1.0"
dependencies = [
 "ra-common",
]

[[package]]
name = "ra-runtime"
version = "0.1.0"
dependencies = [
 "ra-common",
 "ra-gateway",
 "ra-memory-gateway",
]

[[package]]
name = "ra-syss"
version = "0.1.0"
dependencies = [
 "ra-gateway",
 "ra-persistence",
]

[[package]]
name = "software"
version = "0.1.0"
dependencies = [
 "ra-bootstrap",
]
